
Microsoft Visual Studio Solution File, Format Version 12.00
# Visual Studio Version 17w
VisualStudioVersion = 17.0.32014.148
MinimumVisualStudioVersion = 10.0.40219.1
Project("{FAE04EC0-301F-11D3-BF4B-00C04F79EFBC}") = "OnStore", "OnStore\OnStore.csproj", "{540BFE7C-2E21-4D70-B342-14F0F981CB8C}"
EndProject
Global
	GlobalSection(SolutionConfigurationPlatforms) = preSolution
		Debug|Any CPU = Debug|Any CPU
		Release|Any CPU = Release|Any CPU
	EndGlobalSection
	GlobalSection(ProjectConfigurationPlatforms) = postSolution
		{540BFE7C-2E21-4D70-B342-14F0F981CB8C}.Debug|Any CPU.ActiveCfg = Debug|Any CPU
		{540BFE7C-2E21-4D70-B342-14F0F981CB8C}.Debug|Any CPU.Build.0 = Debug|Any CPU
		{540BFE7C-2E21-4D70-B342-14F0F981CB8C}.Release|Any CPU.ActiveCfg = Release|Any CPU
		{540BFE7C-2E21-4D70-B342-14F0F981CB8C}.Release|Any CPU.Build.0 = Release|Any CPU
	EndGlobalSection
	GlobalSection(SolutionProperties) = preSolution
		HideSolutionNode = FALSE
	EndGlobalSection
	GlobalSection(ExtensibilityGlobals) = postSolution
		SolutionGuid = {C5622768-F25F-4DEB-841E-F76AD095D26A}
	EndGlobalSection
EndGlobal
